
Microsoft Visual Studio Solution File, Format Version 12.00
# Visual Studio Version 16
VisualStudioVersion = 16.0.28803.202
MinimumVisualStudioVersion = 10.0.40219.1
Project("{FAE04EC0-301F-11D3-BF4B-00C04F79EFBC}") = "RoteiroPrático003", "RoteiroPrático003.csproj", "{CBA38505-99CE-4FDB-BD79-AFAAA8CE2730}"
EndProject
Global
	GlobalSection(SolutionConfigurationPlatforms) = preSolution
		Debug|Any CPU = Debug|Any CPU
		Release|Any CPU = Release|Any CPU
	EndGlobalSection
	GlobalSection(ProjectConfigurationPlatforms) = postSolution
		{CBA38505-99CE-4FDB-BD79-AFAAA8CE2730}.Debug|Any CPU.ActiveCfg = Debug|Any CPU
		{CBA38505-99CE-4FDB-BD79-AFAAA8CE2730}.Debug|Any CPU.Build.0 = Debug|Any CPU
		{CBA38505-99CE-4FDB-BD79-AFAAA8CE2730}.Release|Any CPU.ActiveCfg = Release|Any CPU
		{CBA38505-99CE-4FDB-BD79-AFAAA8CE2730}.Release|Any CPU.Build.0 = Release|Any CPU
	EndGlobalSection
	GlobalSection(SolutionProperties) = preSolution
		HideSolutionNode = FALSE
	EndGlobalSection
	GlobalSection(ExtensibilityGlobals) = postSolution
		SolutionGuid = {034D4F59-7DAC-40CE-90D7-DF5BE71356C3}
	EndGlobalSection
EndGlobal
